// !$*UTF8*$!
{
	archiveVersion = 1;
	classes = {
	};
	objectVersion = 56;
	objects = {

/* Begin PBXBuildFile section */
		467EB4032A605D2B0056EC0C /* CarBode in Frameworks */ = {isa = PBXBuildFile; productRef = 467EB4022A605D2B0056EC0C /* CarBode */; };
		5E1421112A700262004A2AD8 /* MainView.swift in Sources */ = {isa = PBXBuildFile; fileRef = 5E1421102A700262004A2AD8 /* MainView.swift */; };
		5E1421142A7104CD004A2AD8 /* VisionUtility.swift in Sources */ = {isa = PBXBuildFile; fileRef = 5E1421132A7104CD004A2AD8 /* VisionUtility.swift */; };
		5E14211C2A710701004A2AD8 /* AllerViewTests.swift in Sources */ = {isa = PBXBuildFile; fileRef = 5E14211B2A710701004A2AD8 /* AllerViewTests.swift */; };
		5E1421232A710793004A2AD8 /* VisionUtilityTests.swift in Sources */ = {isa = PBXBuildFile; fileRef = 5E1421222A710793004A2AD8 /* VisionUtilityTests.swift */; };
		5E1421272A711CB3004A2AD8 /* ImageCropView.swift in Sources */ = {isa = PBXBuildFile; fileRef = 5E1421262A711CB3004A2AD8 /* ImageCropView.swift */; };
		5E1421292A723A86004A2AD8 /* ImageUtility.swift in Sources */ = {isa = PBXBuildFile; fileRef = 5E1421282A723A86004A2AD8 /* ImageUtility.swift */; };
		5E40077A2A5FD15500CE3739 /* AllergySearchView.swift in Sources */ = {isa = PBXBuildFile; fileRef = 5E4007782A5FD15500CE3739 /* AllergySearchView.swift */; };
		924874DC2A723DC90076FA41 /* WrappingHStack in Frameworks */ = {isa = PBXBuildFile; productRef = 924874DB2A723DC90076FA41 /* WrappingHStack */; };
		92D5AE9A2A5FE22900D30288 /* ContentView.swift in Sources */ = {isa = PBXBuildFile; fileRef = 92D5AE992A5FE22900D30288 /* ContentView.swift */; };
		92D5AE9E2A64265E00D30288 /* Chip.swift in Sources */ = {isa = PBXBuildFile; fileRef = 92D5AE9D2A64265E00D30288 /* Chip.swift */; };
		DB23A1E42A6E5A1A002E0A8B /* GPTResult.swift in Sources */ = {isa = PBXBuildFile; fileRef = DB23A1E32A6E5A1A002E0A8B /* GPTResult.swift */; };
		DB23A1E62A6E5DB0002E0A8B /* Color+Custom.swift in Sources */ = {isa = PBXBuildFile; fileRef = DB23A1E52A6E5DB0002E0A8B /* Color+Custom.swift */; };
		DB5ECDB82A5E86670091E9E3 /* User+CoreData.swift in Sources */ = {isa = PBXBuildFile; fileRef = DB5ECDB72A5E86670091E9E3 /* User+CoreData.swift */; };
		DB5ECDBA2A5E8A370091E9E3 /* ViewContext+Entity.swift in Sources */ = {isa = PBXBuildFile; fileRef = DB5ECDB92A5E8A370091E9E3 /* ViewContext+Entity.swift */; };
		DB5ECDBE2A5ED5A90091E9E3 /* Keyword+CoreData.swift in Sources */ = {isa = PBXBuildFile; fileRef = DB5ECDBD2A5ED5A90091E9E3 /* Keyword+CoreData.swift */; };
		DB5ECDC12A5FD7780091E9E3 /* AllergyDetailView.swift in Sources */ = {isa = PBXBuildFile; fileRef = DB5ECDC02A5FD7780091E9E3 /* AllergyDetailView.swift */; };
		DB5ECDC32A5FDCD60091E9E3 /* Font+Custom.swift in Sources */ = {isa = PBXBuildFile; fileRef = DB5ECDC22A5FDCD60091E9E3 /* Font+Custom.swift */; };
		DB6AA9802A72B72700E86884 /* GPTView.swift in Sources */ = {isa = PBXBuildFile; fileRef = DB6AA97F2A72B72700E86884 /* GPTView.swift */; };
		DB6AA9832A72B76100E86884 /* OpenAIService.swift in Sources */ = {isa = PBXBuildFile; fileRef = DB6AA9822A72B76100E86884 /* OpenAIService.swift */; };
		DB6AA9852A72B78300E86884 /* GPTModel.swift in Sources */ = {isa = PBXBuildFile; fileRef = DB6AA9842A72B78300E86884 /* GPTModel.swift */; };
		DB6AA9882A72B7C700E86884 /* GPTViewModel.swift in Sources */ = {isa = PBXBuildFile; fileRef = DB6AA9872A72B7C700E86884 /* GPTViewModel.swift */; };
		DB6AA98B2A72B83300E86884 /* Alamofire in Frameworks */ = {isa = PBXBuildFile; productRef = DB6AA98A2A72B83300E86884 /* Alamofire */; };
		DB7AB88B2A5BE2D50074CBBF /* AllerViewApp.swift in Sources */ = {isa = PBXBuildFile; fileRef = DB7AB88A2A5BE2D50074CBBF /* AllerViewApp.swift */; };
		DB7AB88F2A5BE2D60074CBBF /* Assets.xcassets in Resources */ = {isa = PBXBuildFile; fileRef = DB7AB88E2A5BE2D60074CBBF /* Assets.xcassets */; };
		DB7AB8922A5BE2D60074CBBF /* Preview Assets.xcassets in Resources */ = {isa = PBXBuildFile; fileRef = DB7AB8912A5BE2D60074CBBF /* Preview Assets.xcassets */; };
		DB7AB8942A5BE2D60074CBBF /* Persistence.swift in Sources */ = {isa = PBXBuildFile; fileRef = DB7AB8932A5BE2D60074CBBF /* Persistence.swift */; };
		DB7AB8972A5BE2D60074CBBF /* AllerView.xcdatamodeld in Sources */ = {isa = PBXBuildFile; fileRef = DB7AB8952A5BE2D60074CBBF /* AllerView.xcdatamodeld */; };
		DB818DC12A729C0B000C1579 /* ScannerView.swift in Sources */ = {isa = PBXBuildFile; fileRef = DB818DC02A729C0B000C1579 /* ScannerView.swift */; };
		DB9380B72A6660AC00A7C4C0 /* Product.swift in Sources */ = {isa = PBXBuildFile; fileRef = DB9380B62A6660AC00A7C4C0 /* Product.swift */; };
		FD2F3DBE2A72C27100F45879 /* SecretKey.plist in Resources */ = {isa = PBXBuildFile; fileRef = FD2F3DBD2A72C27100F45879 /* SecretKey.plist */; };
/* End PBXBuildFile section */

/* Begin PBXContainerItemProxy section */
		5E14211D2A710701004A2AD8 /* PBXContainerItemProxy */ = {
			isa = PBXContainerItemProxy;
			containerPortal = DB7AB87F2A5BE2D50074CBBF /* Project object */;
			proxyType = 1;
			remoteGlobalIDString = DB7AB8862A5BE2D50074CBBF;
			remoteInfo = AllerView;
		};
/* End PBXContainerItemProxy section */

/* Begin PBXFileReference section */
		5E1421102A700262004A2AD8 /* MainView.swift */ = {isa = PBXFileReference; lastKnownFileType = sourcecode.swift; path = MainView.swift; sourceTree = "<group>"; };
		5E1421132A7104CD004A2AD8 /* VisionUtility.swift */ = {isa = PBXFileReference; lastKnownFileType = sourcecode.swift; path = VisionUtility.swift; sourceTree = "<group>"; };
		5E1421192A710701004A2AD8 /* AllerViewTests.xctest */ = {isa = PBXFileReference; explicitFileType = wrapper.cfbundle; includeInIndex = 0; path = AllerViewTests.xctest; sourceTree = BUILT_PRODUCTS_DIR; };
		5E14211B2A710701004A2AD8 /* AllerViewTests.swift */ = {isa = PBXFileReference; lastKnownFileType = sourcecode.swift; path = AllerViewTests.swift; sourceTree = "<group>"; };
		5E1421222A710793004A2AD8 /* VisionUtilityTests.swift */ = {isa = PBXFileReference; lastKnownFileType = sourcecode.swift; path = VisionUtilityTests.swift; sourceTree = "<group>"; };
		5E1421262A711CB3004A2AD8 /* ImageCropView.swift */ = {isa = PBXFileReference; lastKnownFileType = sourcecode.swift; path = ImageCropView.swift; sourceTree = "<group>"; };
		5E1421282A723A86004A2AD8 /* ImageUtility.swift */ = {isa = PBXFileReference; lastKnownFileType = sourcecode.swift; path = ImageUtility.swift; sourceTree = "<group>"; };
		5E4007782A5FD15500CE3739 /* AllergySearchView.swift */ = {isa = PBXFileReference; fileEncoding = 4; lastKnownFileType = sourcecode.swift; path = AllergySearchView.swift; sourceTree = "<group>"; };
		92D5AE992A5FE22900D30288 /* ContentView.swift */ = {isa = PBXFileReference; fileEncoding = 4; lastKnownFileType = sourcecode.swift; path = ContentView.swift; sourceTree = "<group>"; };
		92D5AE9D2A64265E00D30288 /* Chip.swift */ = {isa = PBXFileReference; lastKnownFileType = sourcecode.swift; path = Chip.swift; sourceTree = "<group>"; };
		DB23A1E32A6E5A1A002E0A8B /* GPTResult.swift */ = {isa = PBXFileReference; lastKnownFileType = sourcecode.swift; path = GPTResult.swift; sourceTree = "<group>"; };
		DB23A1E52A6E5DB0002E0A8B /* Color+Custom.swift */ = {isa = PBXFileReference; lastKnownFileType = sourcecode.swift; path = "Color+Custom.swift"; sourceTree = "<group>"; };
		DB5ECDB72A5E86670091E9E3 /* User+CoreData.swift */ = {isa = PBXFileReference; lastKnownFileType = sourcecode.swift; path = "User+CoreData.swift"; sourceTree = "<group>"; };
		DB5ECDB92A5E8A370091E9E3 /* ViewContext+Entity.swift */ = {isa = PBXFileReference; lastKnownFileType = sourcecode.swift; path = "ViewContext+Entity.swift"; sourceTree = "<group>"; };
		DB5ECDBD2A5ED5A90091E9E3 /* Keyword+CoreData.swift */ = {isa = PBXFileReference; lastKnownFileType = sourcecode.swift; path = "Keyword+CoreData.swift"; sourceTree = "<group>"; };
		DB5ECDC02A5FD7780091E9E3 /* AllergyDetailView.swift */ = {isa = PBXFileReference; lastKnownFileType = sourcecode.swift; path = AllergyDetailView.swift; sourceTree = "<group>"; };
		DB5ECDC22A5FDCD60091E9E3 /* Font+Custom.swift */ = {isa = PBXFileReference; lastKnownFileType = sourcecode.swift; path = "Font+Custom.swift"; sourceTree = "<group>"; };
		DB6AA97F2A72B72700E86884 /* GPTView.swift */ = {isa = PBXFileReference; lastKnownFileType = sourcecode.swift; path = GPTView.swift; sourceTree = "<group>"; };
		DB6AA9822A72B76100E86884 /* OpenAIService.swift */ = {isa = PBXFileReference; lastKnownFileType = sourcecode.swift; path = OpenAIService.swift; sourceTree = "<group>"; };
		DB6AA9842A72B78300E86884 /* GPTModel.swift */ = {isa = PBXFileReference; lastKnownFileType = sourcecode.swift; path = GPTModel.swift; sourceTree = "<group>"; };
		DB6AA9872A72B7C700E86884 /* GPTViewModel.swift */ = {isa = PBXFileReference; lastKnownFileType = sourcecode.swift; path = GPTViewModel.swift; sourceTree = "<group>"; };
		DB7AB8872A5BE2D50074CBBF /* AllerView.app */ = {isa = PBXFileReference; explicitFileType = wrapper.application; includeInIndex = 0; path = AllerView.app; sourceTree = BUILT_PRODUCTS_DIR; };
		DB7AB88A2A5BE2D50074CBBF /* AllerViewApp.swift */ = {isa = PBXFileReference; lastKnownFileType = sourcecode.swift; path = AllerViewApp.swift; sourceTree = "<group>"; };
		DB7AB88E2A5BE2D60074CBBF /* Assets.xcassets */ = {isa = PBXFileReference; lastKnownFileType = folder.assetcatalog; path = Assets.xcassets; sourceTree = "<group>"; };
		DB7AB8912A5BE2D60074CBBF /* Preview Assets.xcassets */ = {isa = PBXFileReference; lastKnownFileType = folder.assetcatalog; path = "Preview Assets.xcassets"; sourceTree = "<group>"; };
		DB7AB8932A5BE2D60074CBBF /* Persistence.swift */ = {isa = PBXFileReference; lastKnownFileType = sourcecode.swift; path = Persistence.swift; sourceTree = "<group>"; };
		DB7AB8962A5BE2D60074CBBF /* AllerView.xcdatamodel */ = {isa = PBXFileReference; lastKnownFileType = wrapper.xcdatamodel; path = AllerView.xcdatamodel; sourceTree = "<group>"; };
		DB818DC02A729C0B000C1579 /* ScannerView.swift */ = {isa = PBXFileReference; lastKnownFileType = sourcecode.swift; path = ScannerView.swift; sourceTree = "<group>"; };
		DB9380B62A6660AC00A7C4C0 /* Product.swift */ = {isa = PBXFileReference; lastKnownFileType = sourcecode.swift; path = Product.swift; sourceTree = "<group>"; };
		FD2F3DBD2A72C27100F45879 /* SecretKey.plist */ = {isa = PBXFileReference; lastKnownFileType = text.plist.xml; path = SecretKey.plist; sourceTree = "<group>"; };
/* End PBXFileReference section */

/* Begin PBXFrameworksBuildPhase section */
		5E1421162A710701004A2AD8 /* Frameworks */ = {
			isa = PBXFrameworksBuildPhase;
			buildActionMask = 2147483647;
			files = (
			);
			runOnlyForDeploymentPostprocessing = 0;
		};
		DB7AB8842A5BE2D50074CBBF /* Frameworks */ = {
			isa = PBXFrameworksBuildPhase;
			buildActionMask = 2147483647;
			files = (
				DB6AA98B2A72B83300E86884 /* Alamofire in Frameworks */,
				924874DC2A723DC90076FA41 /* WrappingHStack in Frameworks */,
				467EB4032A605D2B0056EC0C /* CarBode in Frameworks */,
			);
			runOnlyForDeploymentPostprocessing = 0;
		};
/* End PBXFrameworksBuildPhase section */

/* Begin PBXGroup section */
		5E1421122A710499004A2AD8 /* Utility */ = {
			isa = PBXGroup;
			children = (
				5E1421132A7104CD004A2AD8 /* VisionUtility.swift */,
				5E1421282A723A86004A2AD8 /* ImageUtility.swift */,
			);
			path = Utility;
			sourceTree = "<group>";
		};
		5E14211A2A710701004A2AD8 /* AllerViewTests */ = {
			isa = PBXGroup;
			children = (
				5E14211B2A710701004A2AD8 /* AllerViewTests.swift */,
				5E1421222A710793004A2AD8 /* VisionUtilityTests.swift */,
			);
			path = AllerViewTests;
			sourceTree = "<group>";
		};
		DB19B3BB2A65109F00933C30 /* View */ = {
			isa = PBXGroup;
			children = (
				DB6AA9862A72B7AE00E86884 /* Model */,
				92D5AE992A5FE22900D30288 /* ContentView.swift */,
				DB5ECDC02A5FD7780091E9E3 /* AllergyDetailView.swift */,
				5E4007782A5FD15500CE3739 /* AllergySearchView.swift */,
				5E1421102A700262004A2AD8 /* MainView.swift */,
				5E1421262A711CB3004A2AD8 /* ImageCropView.swift */,
				DB818DC02A729C0B000C1579 /* ScannerView.swift */,
				DB6AA97F2A72B72700E86884 /* GPTView.swift */,
			);
			path = View;
			sourceTree = "<group>";
		};
		DB19B3BC2A6510B100933C30 /* Component */ = {
			isa = PBXGroup;
			children = (
				92D5AE9D2A64265E00D30288 /* Chip.swift */,
			);
			path = Component;
			sourceTree = "<group>";
		};
		DB5ECDB62A5E86470091E9E3 /* Extension */ = {
			isa = PBXGroup;
			children = (
				DB5ECDB72A5E86670091E9E3 /* User+CoreData.swift */,
				DB5ECDB92A5E8A370091E9E3 /* ViewContext+Entity.swift */,
				DB5ECDBD2A5ED5A90091E9E3 /* Keyword+CoreData.swift */,
				DB5ECDC22A5FDCD60091E9E3 /* Font+Custom.swift */,
				DB23A1E52A6E5DB0002E0A8B /* Color+Custom.swift */,
			);
			path = Extension;
			sourceTree = "<group>";
		};
		DB6AA9812A72B75800E86884 /* Service */ = {
			isa = PBXGroup;
			children = (
				DB6AA9822A72B76100E86884 /* OpenAIService.swift */,
				FD2F3DBD2A72C27100F45879 /* SecretKey.plist */,
			);
			path = Service;
			sourceTree = "<group>";
		};
		DB6AA9862A72B7AE00E86884 /* Model */ = {
			isa = PBXGroup;
			children = (
				DB6AA9872A72B7C700E86884 /* GPTViewModel.swift */,
			);
			path = Model;
			sourceTree = "<group>";
		};
		DB7AB87E2A5BE2D50074CBBF = {
			isa = PBXGroup;
			children = (
				DB7AB8892A5BE2D50074CBBF /* AllerView */,
				5E14211A2A710701004A2AD8 /* AllerViewTests */,
				DB7AB8882A5BE2D50074CBBF /* Products */,
			);
			sourceTree = "<group>";
		};
		DB7AB8882A5BE2D50074CBBF /* Products */ = {
			isa = PBXGroup;
			children = (
				DB7AB8872A5BE2D50074CBBF /* AllerView.app */,
				5E1421192A710701004A2AD8 /* AllerViewTests.xctest */,
			);
			name = Products;
			sourceTree = "<group>";
		};
		DB7AB8892A5BE2D50074CBBF /* AllerView */ = {
			isa = PBXGroup;
			children = (
				DB6AA9812A72B75800E86884 /* Service */,
				5E1421122A710499004A2AD8 /* Utility */,
				DB9380B52A6660A400A7C4C0 /* Model */,
				DB19B3BC2A6510B100933C30 /* Component */,
				DB19B3BB2A65109F00933C30 /* View */,
				DB5ECDB62A5E86470091E9E3 /* Extension */,
				DB7AB88A2A5BE2D50074CBBF /* AllerViewApp.swift */,
				DB7AB88E2A5BE2D60074CBBF /* Assets.xcassets */,
				DB7AB8932A5BE2D60074CBBF /* Persistence.swift */,
				DB7AB8952A5BE2D60074CBBF /* AllerView.xcdatamodeld */,
				DB7AB8902A5BE2D60074CBBF /* Preview Content */,
			);
			path = AllerView;
			sourceTree = "<group>";
		};
		DB7AB8902A5BE2D60074CBBF /* Preview Content */ = {
			isa = PBXGroup;
			children = (
				DB7AB8912A5BE2D60074CBBF /* Preview Assets.xcassets */,
			);
			path = "Preview Content";
			sourceTree = "<group>";
		};
		DB9380B52A6660A400A7C4C0 /* Model */ = {
			isa = PBXGroup;
			children = (
				DB9380B62A6660AC00A7C4C0 /* Product.swift */,
				DB23A1E32A6E5A1A002E0A8B /* GPTResult.swift */,
				DB6AA9842A72B78300E86884 /* GPTModel.swift */,
			);
			path = Model;
			sourceTree = "<group>";
		};
/* End PBXGroup section */

/* Begin PBXNativeTarget section */
		5E1421182A710701004A2AD8 /* AllerViewTests */ = {
			isa = PBXNativeTarget;
			buildConfigurationList = 5E14211F2A710701004A2AD8 /* Build configuration list for PBXNativeTarget "AllerViewTests" */;
			buildPhases = (
				5E1421152A710701004A2AD8 /* Sources */,
				5E1421162A710701004A2AD8 /* Frameworks */,
				5E1421172A710701004A2AD8 /* Resources */,
			);
			buildRules = (
			);
			dependencies = (
				5E14211E2A710701004A2AD8 /* PBXTargetDependency */,
			);
			name = AllerViewTests;
			productName = AllerViewTests;
			productReference = 5E1421192A710701004A2AD8 /* AllerViewTests.xctest */;
			productType = "com.apple.product-type.bundle.unit-test";
		};
		DB7AB8862A5BE2D50074CBBF /* AllerView */ = {
			isa = PBXNativeTarget;
			buildConfigurationList = DB7AB89A2A5BE2D60074CBBF /* Build configuration list for PBXNativeTarget "AllerView" */;
			buildPhases = (
				DB7AB8832A5BE2D50074CBBF /* Sources */,
				DB7AB8842A5BE2D50074CBBF /* Frameworks */,
				DB7AB8852A5BE2D50074CBBF /* Resources */,
			);
			buildRules = (
			);
			dependencies = (
			);
			name = AllerView;
			packageProductDependencies = (
				467EB4022A605D2B0056EC0C /* CarBode */,
				924874DB2A723DC90076FA41 /* WrappingHStack */,
				DB6AA98A2A72B83300E86884 /* Alamofire */,
			);
			productName = AllerView;
			productReference = DB7AB8872A5BE2D50074CBBF /* AllerView.app */;
			productType = "com.apple.product-type.application";
		};
/* End PBXNativeTarget section */

/* Begin PBXProject section */
		DB7AB87F2A5BE2D50074CBBF /* Project object */ = {
			isa = PBXProject;
			attributes = {
				BuildIndependentTargetsInParallel = 1;
				LastSwiftUpdateCheck = 1430;
				LastUpgradeCheck = 1430;
				TargetAttributes = {
					5E1421182A710701004A2AD8 = {
						CreatedOnToolsVersion = 14.3.1;
						TestTargetID = DB7AB8862A5BE2D50074CBBF;
					};
					DB7AB8862A5BE2D50074CBBF = {
						CreatedOnToolsVersion = 14.3.1;
					};
				};
			};
			buildConfigurationList = DB7AB8822A5BE2D50074CBBF /* Build configuration list for PBXProject "AllerView" */;
			compatibilityVersion = "Xcode 14.0";
			developmentRegion = en;
			hasScannedForEncodings = 0;
			knownRegions = (
				en,
				Base,
			);
			mainGroup = DB7AB87E2A5BE2D50074CBBF;
			packageReferences = (
				467EB4012A605D2B0056EC0C /* XCRemoteSwiftPackageReference "CarBode-Barcode-Scanner-For-SwiftUI" */,
				924874DA2A723DC90076FA41 /* XCRemoteSwiftPackageReference "WrappingHStack" */,
				DB6AA9892A72B83300E86884 /* XCRemoteSwiftPackageReference "Alamofire" */,
			);
			productRefGroup = DB7AB8882A5BE2D50074CBBF /* Products */;
			projectDirPath = "";
			projectRoot = "";
			targets = (
				DB7AB8862A5BE2D50074CBBF /* AllerView */,
				5E1421182A710701004A2AD8 /* AllerViewTests */,
			);
		};
/* End PBXProject section */

/* Begin PBXResourcesBuildPhase section */
		5E1421172A710701004A2AD8 /* Resources */ = {
			isa = PBXResourcesBuildPhase;
			buildActionMask = 2147483647;
			files = (
			);
			runOnlyForDeploymentPostprocessing = 0;
		};
		DB7AB8852A5BE2D50074CBBF /* Resources */ = {
			isa = PBXResourcesBuildPhase;
			buildActionMask = 2147483647;
			files = (
				DB7AB8922A5BE2D60074CBBF /* Preview Assets.xcassets in Resources */,
				FD2F3DBE2A72C27100F45879 /* SecretKey.plist in Resources */,
				DB7AB88F2A5BE2D60074CBBF /* Assets.xcassets in Resources */,
			);
			runOnlyForDeploymentPostprocessing = 0;
		};
/* End PBXResourcesBuildPhase section */

/* Begin PBXSourcesBuildPhase section */
		5E1421152A710701004A2AD8 /* Sources */ = {
			isa = PBXSourcesBuildPhase;
			buildActionMask = 2147483647;
			files = (
				5E1421232A710793004A2AD8 /* VisionUtilityTests.swift in Sources */,
				5E14211C2A710701004A2AD8 /* AllerViewTests.swift in Sources */,
			);
			runOnlyForDeploymentPostprocessing = 0;
		};
		DB7AB8832A5BE2D50074CBBF /* Sources */ = {
			isa = PBXSourcesBuildPhase;
			buildActionMask = 2147483647;
			files = (
				5E1421272A711CB3004A2AD8 /* ImageCropView.swift in Sources */,
				DB818DC12A729C0B000C1579 /* ScannerView.swift in Sources */,
				DB23A1E62A6E5DB0002E0A8B /* Color+Custom.swift in Sources */,
				DB7AB8942A5BE2D60074CBBF /* Persistence.swift in Sources */,
				5E1421112A700262004A2AD8 /* MainView.swift in Sources */,
				DB6AA9882A72B7C700E86884 /* GPTViewModel.swift in Sources */,
				5E1421142A7104CD004A2AD8 /* VisionUtility.swift in Sources */,
				92D5AE9A2A5FE22900D30288 /* ContentView.swift in Sources */,
				5E1421292A723A86004A2AD8 /* ImageUtility.swift in Sources */,
				5E40077A2A5FD15500CE3739 /* AllergySearchView.swift in Sources */,
				DB6AA9852A72B78300E86884 /* GPTModel.swift in Sources */,
				DB7AB8972A5BE2D60074CBBF /* AllerView.xcdatamodeld in Sources */,
				DB6AA9802A72B72700E86884 /* GPTView.swift in Sources */,
				DB7AB88B2A5BE2D50074CBBF /* AllerViewApp.swift in Sources */,
				DB23A1E42A6E5A1A002E0A8B /* GPTResult.swift in Sources */,
				DB5ECDBE2A5ED5A90091E9E3 /* Keyword+CoreData.swift in Sources */,
				DB6AA9832A72B76100E86884 /* OpenAIService.swift in Sources */,
				DB5ECDBA2A5E8A370091E9E3 /* ViewContext+Entity.swift in Sources */,
				DB5ECDB82A5E86670091E9E3 /* User+CoreData.swift in Sources */,
				92D5AE9E2A64265E00D30288 /* Chip.swift in Sources */,
				DB5ECDC12A5FD7780091E9E3 /* AllergyDetailView.swift in Sources */,
				DB5ECDC32A5FDCD60091E9E3 /* Font+Custom.swift in Sources */,
				DB9380B72A6660AC00A7C4C0 /* Product.swift in Sources */,
			);
			runOnlyForDeploymentPostprocessing = 0;
		};
/* End PBXSourcesBuildPhase section */

/* Begin PBXTargetDependency section */
		5E14211E2A710701004A2AD8 /* PBXTargetDependency */ = {
			isa = PBXTargetDependency;
			target = DB7AB8862A5BE2D50074CBBF /* AllerView */;
			targetProxy = 5E14211D2A710701004A2AD8 /* PBXContainerItemProxy */;
		};
/* End PBXTargetDependency section */

/* Begin XCBuildConfiguration section */
		5E1421202A710701004A2AD8 /* Debug */ = {
			isa = XCBuildConfiguration;
			buildSettings = {
				BUNDLE_LOADER = "$(TEST_HOST)";
				CODE_SIGN_STYLE = Automatic;
				CURRENT_PROJECT_VERSION = 1;
				DEVELOPMENT_TEAM = 2ZA4H6HG9F;
				GENERATE_INFOPLIST_FILE = YES;
				MARKETING_VERSION = 1.0;
				PRODUCT_BUNDLE_IDENTIFIER = com.migusdn.AllerViewTests;
				PRODUCT_NAME = "$(TARGET_NAME)";
				SWIFT_EMIT_LOC_STRINGS = NO;
				SWIFT_VERSION = 5.0;
				TARGETED_DEVICE_FAMILY = "1,2";
				TEST_HOST = "$(BUILT_PRODUCTS_DIR)/AllerView.app/$(BUNDLE_EXECUTABLE_FOLDER_PATH)/AllerView";
			};
			name = Debug;
		};
		5E1421212A710701004A2AD8 /* Release */ = {
			isa = XCBuildConfiguration;
			buildSettings = {
				BUNDLE_LOADER = "$(TEST_HOST)";
				CODE_SIGN_STYLE = Automatic;
				CURRENT_PROJECT_VERSION = 1;
				DEVELOPMENT_TEAM = 2ZA4H6HG9F;
				GENERATE_INFOPLIST_FILE = YES;
				MARKETING_VERSION = 1.0;
				PRODUCT_BUNDLE_IDENTIFIER = com.migusdn.AllerViewTests;
				PRODUCT_NAME = "$(TARGET_NAME)";
				SWIFT_EMIT_LOC_STRINGS = NO;
				SWIFT_VERSION = 5.0;
				TARGETED_DEVICE_FAMILY = "1,2";
				TEST_HOST = "$(BUILT_PRODUCTS_DIR)/AllerView.app/$(BUNDLE_EXECUTABLE_FOLDER_PATH)/AllerView";
			};
			name = Release;
		};
		DB7AB8982A5BE2D60074CBBF /* Debug */ = {
			isa = XCBuildConfiguration;
			buildSettings = {
				ALWAYS_SEARCH_USER_PATHS = NO;
				CLANG_ANALYZER_NONNULL = YES;
				CLANG_ANALYZER_NUMBER_OBJECT_CONVERSION = YES_AGGRESSIVE;
				CLANG_CXX_LANGUAGE_STANDARD = "gnu++20";
				CLANG_ENABLE_MODULES = YES;
				CLANG_ENABLE_OBJC_ARC = YES;
				CLANG_ENABLE_OBJC_WEAK = YES;
				CLANG_WARN_BLOCK_CAPTURE_AUTORELEASING = YES;
				CLANG_WARN_BOOL_CONVERSION = YES;
				CLANG_WARN_COMMA = YES;
				CLANG_WARN_CONSTANT_CONVERSION = YES;
				CLANG_WARN_DEPRECATED_OBJC_IMPLEMENTATIONS = YES;
				CLANG_WARN_DIRECT_OBJC_ISA_USAGE = YES_ERROR;
				CLANG_WARN_DOCUMENTATION_COMMENTS = YES;
				CLANG_WARN_EMPTY_BODY = YES;
				CLANG_WARN_ENUM_CONVERSION = YES;
				CLANG_WARN_INFINITE_RECURSION = YES;
				CLANG_WARN_INT_CONVERSION = YES;
				CLANG_WARN_NON_LITERAL_NULL_CONVERSION = YES;
				CLANG_WARN_OBJC_IMPLICIT_RETAIN_SELF = YES;
				CLANG_WARN_OBJC_LITERAL_CONVERSION = YES;
				CLANG_WARN_OBJC_ROOT_CLASS = YES_ERROR;
				CLANG_WARN_QUOTED_INCLUDE_IN_FRAMEWORK_HEADER = YES;
				CLANG_WARN_RANGE_LOOP_ANALYSIS = YES;
				CLANG_WARN_STRICT_PROTOTYPES = YES;
				CLANG_WARN_SUSPICIOUS_MOVE = YES;
				CLANG_WARN_UNGUARDED_AVAILABILITY = YES_AGGRESSIVE;
				CLANG_WARN_UNREACHABLE_CODE = YES;
				CLANG_WARN__DUPLICATE_METHOD_MATCH = YES;
				COPY_PHASE_STRIP = NO;
				DEBUG_INFORMATION_FORMAT = dwarf;
				ENABLE_STRICT_OBJC_MSGSEND = YES;
				ENABLE_TESTABILITY = YES;
				GCC_C_LANGUAGE_STANDARD = gnu11;
				GCC_DYNAMIC_NO_PIC = NO;
				GCC_NO_COMMON_BLOCKS = YES;
				GCC_OPTIMIZATION_LEVEL = 0;
				GCC_PREPROCESSOR_DEFINITIONS = (
					"DEBUG=1",
					"$(inherited)",
				);
				GCC_WARN_64_TO_32_BIT_CONVERSION = YES;
				GCC_WARN_ABOUT_RETURN_TYPE = YES_ERROR;
				GCC_WARN_UNDECLARED_SELECTOR = YES;
				GCC_WARN_UNINITIALIZED_AUTOS = YES_AGGRESSIVE;
				GCC_WARN_UNUSED_FUNCTION = YES;
				GCC_WARN_UNUSED_VARIABLE = YES;
				IPHONEOS_DEPLOYMENT_TARGET = 16.4;
				MTL_ENABLE_DEBUG_INFO = INCLUDE_SOURCE;
				MTL_FAST_MATH = YES;
				ONLY_ACTIVE_ARCH = YES;
				SDKROOT = iphoneos;
				SWIFT_ACTIVE_COMPILATION_CONDITIONS = DEBUG;
				SWIFT_OPTIMIZATION_LEVEL = "-Onone";
			};
			name = Debug;
		};
		DB7AB8992A5BE2D60074CBBF /* Release */ = {
			isa = XCBuildConfiguration;
			buildSettings = {
				ALWAYS_SEARCH_USER_PATHS = NO;
				CLANG_ANALYZER_NONNULL = YES;
				CLANG_ANALYZER_NUMBER_OBJECT_CONVERSION = YES_AGGRESSIVE;
				CLANG_CXX_LANGUAGE_STANDARD = "gnu++20";
				CLANG_ENABLE_MODULES = YES;
				CLANG_ENABLE_OBJC_ARC = YES;
				CLANG_ENABLE_OBJC_WEAK = YES;
				CLANG_WARN_BLOCK_CAPTURE_AUTORELEASING = YES;
				CLANG_WARN_BOOL_CONVERSION = YES;
				CLANG_WARN_COMMA = YES;
				CLANG_WARN_CONSTANT_CONVERSION = YES;
				CLANG_WARN_DEPRECATED_OBJC_IMPLEMENTATIONS = YES;
				CLANG_WARN_DIRECT_OBJC_ISA_USAGE = YES_ERROR;
				CLANG_WARN_DOCUMENTATION_COMMENTS = YES;
				CLANG_WARN_EMPTY_BODY = YES;
				CLANG_WARN_ENUM_CONVERSION = YES;
				CLANG_WARN_INFINITE_RECURSION = YES;
				CLANG_WARN_INT_CONVERSION = YES;
				CLANG_WARN_NON_LITERAL_NULL_CONVERSION = YES;
				CLANG_WARN_OBJC_IMPLICIT_RETAIN_SELF = YES;
				CLANG_WARN_OBJC_LITERAL_CONVERSION = YES;
				CLANG_WARN_OBJC_ROOT_CLASS = YES_ERROR;
				CLANG_WARN_QUOTED_INCLUDE_IN_FRAMEWORK_HEADER = YES;
				CLANG_WARN_RANGE_LOOP_ANALYSIS = YES;
				CLANG_WARN_STRICT_PROTOTYPES = YES;
				CLANG_WARN_SUSPICIOUS_MOVE = YES;
				CLANG_WARN_UNGUARDED_AVAILABILITY = YES_AGGRESSIVE;
				CLANG_WARN_UNREACHABLE_CODE = YES;
				CLANG_WARN__DUPLICATE_METHOD_MATCH = YES;
				COPY_PHASE_STRIP = NO;
				DEBUG_INFORMATION_FORMAT = "dwarf-with-dsym";
				ENABLE_NS_ASSERTIONS = NO;
				ENABLE_STRICT_OBJC_MSGSEND = YES;
				GCC_C_LANGUAGE_STANDARD = gnu11;
				GCC_NO_COMMON_BLOCKS = YES;
				GCC_WARN_64_TO_32_BIT_CONVERSION = YES;
				GCC_WARN_ABOUT_RETURN_TYPE = YES_ERROR;
				GCC_WARN_UNDECLARED_SELECTOR = YES;
				GCC_WARN_UNINITIALIZED_AUTOS = YES_AGGRESSIVE;
				GCC_WARN_UNUSED_FUNCTION = YES;
				GCC_WARN_UNUSED_VARIABLE = YES;
				IPHONEOS_DEPLOYMENT_TARGET = 16.4;
				MTL_ENABLE_DEBUG_INFO = NO;
				MTL_FAST_MATH = YES;
				SDKROOT = iphoneos;
				SWIFT_COMPILATION_MODE = wholemodule;
				SWIFT_OPTIMIZATION_LEVEL = "-O";
				VALIDATE_PRODUCT = YES;
			};
			name = Release;
		};
		DB7AB89B2A5BE2D60074CBBF /* Debug */ = {
			isa = XCBuildConfiguration;
			buildSettings = {
				ASSETCATALOG_COMPILER_APPICON_NAME = AppIcon;
				ASSETCATALOG_COMPILER_GLOBAL_ACCENT_COLOR_NAME = AccentColor;
				CODE_SIGN_STYLE = Automatic;
				CURRENT_PROJECT_VERSION = 1;
				DEVELOPMENT_ASSET_PATHS = "\"AllerView/Preview Content\"";
				DEVELOPMENT_TEAM = YZCVM66B66;
				ENABLE_PREVIEWS = YES;
				GENERATE_INFOPLIST_FILE = YES;
				INFOPLIST_KEY_NSCameraUsageDescription = "Needed a Permission to access the camera.";
				INFOPLIST_KEY_UIApplicationSceneManifest_Generation = YES;
				INFOPLIST_KEY_UIApplicationSupportsIndirectInputEvents = YES;
				INFOPLIST_KEY_UILaunchScreen_Generation = YES;
				INFOPLIST_KEY_UISupportedInterfaceOrientations_iPad = "UIInterfaceOrientationPortrait UIInterfaceOrientationPortraitUpsideDown UIInterfaceOrientationLandscapeLeft UIInterfaceOrientationLandscapeRight";
				INFOPLIST_KEY_UISupportedInterfaceOrientations_iPhone = "UIInterfaceOrientationPortrait UIInterfaceOrientationLandscapeLeft UIInterfaceOrientationLandscapeRight";
				LD_RUNPATH_SEARCH_PATHS = (
					"$(inherited)",
					"@executable_path/Frameworks",
				);
				MARKETING_VERSION = 1.0;
				PRODUCT_BUNDLE_IDENTIFIER = "com.daejeon-people.AllerView";
				PRODUCT_NAME = "$(TARGET_NAME)";
				SWIFT_EMIT_LOC_STRINGS = YES;
				SWIFT_VERSION = 5.0;
				TARGETED_DEVICE_FAMILY = "1,2";
			};
			name = Debug;
		};
		DB7AB89C2A5BE2D60074CBBF /* Release */ = {
			isa = XCBuildConfiguration;
			buildSettings = {
				ASSETCATALOG_COMPILER_APPICON_NAME = AppIcon;
				ASSETCATALOG_COMPILER_GLOBAL_ACCENT_COLOR_NAME = AccentColor;
				CODE_SIGN_STYLE = Automatic;
				CURRENT_PROJECT_VERSION = 1;
				DEVELOPMENT_ASSET_PATHS = "\"AllerView/Preview Content\"";
				DEVELOPMENT_TEAM = YZCVM66B66;
				ENABLE_PREVIEWS = YES;
				GENERATE_INFOPLIST_FILE = YES;
				INFOPLIST_KEY_NSCameraUsageDescription = "Needed a Permission to access the camera.";
				INFOPLIST_KEY_UIApplicationSceneManifest_Generation = YES;
				INFOPLIST_KEY_UIApplicationSupportsIndirectInputEvents = YES;
				INFOPLIST_KEY_UILaunchScreen_Generation = YES;
				INFOPLIST_KEY_UISupportedInterfaceOrientations_iPad = "UIInterfaceOrientationPortrait UIInterfaceOrientationPortraitUpsideDown UIInterfaceOrientationLandscapeLeft UIInterfaceOrientationLandscapeRight";
				INFOPLIST_KEY_UISupportedInterfaceOrientations_iPhone = "UIInterfaceOrientationPortrait UIInterfaceOrientationLandscapeLeft UIInterfaceOrientationLandscapeRight";
				LD_RUNPATH_SEARCH_PATHS = (
					"$(inherited)",
					"@executable_path/Frameworks",
				);
				MARKETING_VERSION = 1.0;
				PRODUCT_BUNDLE_IDENTIFIER = "com.daejeon-people.AllerView";
				PRODUCT_NAME = "$(TARGET_NAME)";
				SWIFT_EMIT_LOC_STRINGS = YES;
				SWIFT_VERSION = 5.0;
				TARGETED_DEVICE_FAMILY = "1,2";
			};
			name = Release;
		};
/* End XCBuildConfiguration section */

/* Begin XCConfigurationList section */
		5E14211F2A710701004A2AD8 /* Build configuration list for PBXNativeTarget "AllerViewTests" */ = {
			isa = XCConfigurationList;
			buildConfigurations = (
				5E1421202A710701004A2AD8 /* Debug */,
				5E1421212A710701004A2AD8 /* Release */,
			);
			defaultConfigurationIsVisible = 0;
			defaultConfigurationName = Release;
		};
		DB7AB8822A5BE2D50074CBBF /* Build configuration list for PBXProject "AllerView" */ = {
			isa = XCConfigurationList;
			buildConfigurations = (
				DB7AB8982A5BE2D60074CBBF /* Debug */,
				DB7AB8992A5BE2D60074CBBF /* Release */,
			);
			defaultConfigurationIsVisible = 0;
			defaultConfigurationName = Release;
		};
		DB7AB89A2A5BE2D60074CBBF /* Build configuration list for PBXNativeTarget "AllerView" */ = {
			isa = XCConfigurationList;
			buildConfigurations = (
				DB7AB89B2A5BE2D60074CBBF /* Debug */,
				DB7AB89C2A5BE2D60074CBBF /* Release */,
			);
			defaultConfigurationIsVisible = 0;
			defaultConfigurationName = Release;
		};
/* End XCConfigurationList section */

/* Begin XCRemoteSwiftPackageReference section */
		467EB4012A605D2B0056EC0C /* XCRemoteSwiftPackageReference "CarBode-Barcode-Scanner-For-SwiftUI" */ = {
			isa = XCRemoteSwiftPackageReference;
			repositoryURL = "https://github.com/heart/CarBode-Barcode-Scanner-For-SwiftUI";
			requirement = {
				kind = upToNextMajorVersion;
				minimumVersion = 2.0.0;
			};
		};
		924874DA2A723DC90076FA41 /* XCRemoteSwiftPackageReference "WrappingHStack" */ = {
			isa = XCRemoteSwiftPackageReference;
			repositoryURL = "https://github.com/dkk/WrappingHStack.git";
			requirement = {
				kind = upToNextMajorVersion;
				minimumVersion = 2.0.0;
			};
		};
		DB6AA9892A72B83300E86884 /* XCRemoteSwiftPackageReference "Alamofire" */ = {
			isa = XCRemoteSwiftPackageReference;
			repositoryURL = "https://github.com/Alamofire/Alamofire.git";
			requirement = {
				kind = upToNextMajorVersion;
				minimumVersion = 5.0.0;
			};
		};
/* End XCRemoteSwiftPackageReference section */

/* Begin XCSwiftPackageProductDependency section */
		467EB4022A605D2B0056EC0C /* CarBode */ = {
			isa = XCSwiftPackageProductDependency;
			package = 467EB4012A605D2B0056EC0C /* XCRemoteSwiftPackageReference "CarBode-Barcode-Scanner-For-SwiftUI" */;
			productName = CarBode;
		};
		924874DB2A723DC90076FA41 /* WrappingHStack */ = {
			isa = XCSwiftPackageProductDependency;
			package = 924874DA2A723DC90076FA41 /* XCRemoteSwiftPackageReference "WrappingHStack" */;
			productName = WrappingHStack;
		};
		DB6AA98A2A72B83300E86884 /* Alamofire */ = {
			isa = XCSwiftPackageProductDependency;
			package = DB6AA9892A72B83300E86884 /* XCRemoteSwiftPackageReference "Alamofire" */;
			productName = Alamofire;
		};
/* End XCSwiftPackageProductDependency section */

/* Begin XCVersionGroup section */
		DB7AB8952A5BE2D60074CBBF /* AllerView.xcdatamodeld */ = {
			isa = XCVersionGroup;
			children = (
				DB7AB8962A5BE2D60074CBBF /* AllerView.xcdatamodel */,
			);
			currentVersion = DB7AB8962A5BE2D60074CBBF /* AllerView.xcdatamodel */;
			path = AllerView.xcdatamodeld;
			sourceTree = "<group>";
			versionGroupType = wrapper.xcdatamodel;
		};
/* End XCVersionGroup section */
	};
	rootObject = DB7AB87F2A5BE2D50074CBBF /* Project object */;
}
