// !$*UTF8*$!
{
	archiveVersion = 1;
	classes = {
	};
	objectVersion = 56;
	objects = {

/* Begin PBXBuildFile section */
		DB7AB88B2A5BE2D50074CBBF /* AllerViewApp.swift in Sources */ = {isa = PBXBuildFile; fileRef = DB7AB88A2A5BE2D50074CBBF /* AllerViewApp.swift */; };
		DB7AB88D2A5BE2D50074CBBF /* ContentView.swift in Sources */ = {isa = PBXBuildFile; fileRef = DB7AB88C2A5BE2D50074CBBF /* ContentView.swift */; };
		DB7AB88F2A5BE2D60074CBBF /* Assets.xcassets in Resources */ = {isa = PBXBuildFile; fileRef = DB7AB88E2A5BE2D60074CBBF /* Assets.xcassets */; };
		DB7AB8922A5BE2D60074CBBF /* Preview Assets.xcassets in Resources */ = {isa = PBXBuildFile; fileRef = DB7AB8912A5BE2D60074CBBF /* Preview Assets.xcassets */; };
		DB7AB8942A5BE2D60074CBBF /* Persistence.swift in Sources */ = {isa = PBXBuildFile; fileRef = DB7AB8932A5BE2D60074CBBF /* Persistence.swift */; };
		DB7AB8972A5BE2D60074CBBF /* AllerView.xcdatamodeld in Sources */ = {isa = PBXBuildFile; fileRef = DB7AB8952A5BE2D60074CBBF /* AllerView.xcdatamodeld */; };
		FD66101E2A629BB8009EF72B /* DetailView.swift in Sources */ = {isa = PBXBuildFile; fileRef = FD66101D2A629BB8009EF72B /* DetailView.swift */; };
		FDC1BAD22A5F0C52008C7F16 /* Network.swift in Sources */ = {isa = PBXBuildFile; fileRef = FDC1BAD12A5F0C52008C7F16 /* Network.swift */; };
		FDC1BAD42A5F0C69008C7F16 /* Allergy.swift in Sources */ = {isa = PBXBuildFile; fileRef = FDC1BAD32A5F0C69008C7F16 /* Allergy.swift */; };
/* End PBXBuildFile section */

/* Begin PBXFileReference section */
		DB7AB8872A5BE2D50074CBBF /* AllerView.app */ = {isa = PBXFileReference; explicitFileType = wrapper.application; includeInIndex = 0; path = AllerView.app; sourceTree = BUILT_PRODUCTS_DIR; };
		DB7AB88A2A5BE2D50074CBBF /* AllerViewApp.swift */ = {isa = PBXFileReference; lastKnownFileType = sourcecode.swift; path = AllerViewApp.swift; sourceTree = "<group>"; };
		DB7AB88C2A5BE2D50074CBBF /* ContentView.swift */ = {isa = PBXFileReference; lastKnownFileType = sourcecode.swift; path = ContentView.swift; sourceTree = "<group>"; };
		DB7AB88E2A5BE2D60074CBBF /* Assets.xcassets */ = {isa = PBXFileReference; lastKnownFileType = folder.assetcatalog; path = Assets.xcassets; sourceTree = "<group>"; };
		DB7AB8912A5BE2D60074CBBF /* Preview Assets.xcassets */ = {isa = PBXFileReference; lastKnownFileType = folder.assetcatalog; path = "Preview Assets.xcassets"; sourceTree = "<group>"; };
		DB7AB8932A5BE2D60074CBBF /* Persistence.swift */ = {isa = PBXFileReference; lastKnownFileType = sourcecode.swift; path = Persistence.swift; sourceTree = "<group>"; };
		DB7AB8962A5BE2D60074CBBF /* AllerView.xcdatamodel */ = {isa = PBXFileReference; lastKnownFileType = wrapper.xcdatamodel; path = AllerView.xcdatamodel; sourceTree = "<group>"; };
		FD66101D2A629BB8009EF72B /* DetailView.swift */ = {isa = PBXFileReference; lastKnownFileType = sourcecode.swift; path = DetailView.swift; sourceTree = "<group>"; };
		FDBBECB22A6132AF00A7EC72 /* Info.plist */ = {isa = PBXFileReference; lastKnownFileType = text.plist; path = Info.plist; sourceTree = "<group>"; };
		FDC1BAD12A5F0C52008C7F16 /* Network.swift */ = {isa = PBXFileReference; lastKnownFileType = sourcecode.swift; path = Network.swift; sourceTree = "<group>"; };
		FDC1BAD32A5F0C69008C7F16 /* Allergy.swift */ = {isa = PBXFileReference; lastKnownFileType = sourcecode.swift; path = Allergy.swift; sourceTree = "<group>"; };
/* End PBXFileReference section */

/* Begin PBXFrameworksBuildPhase section */
		DB7AB8842A5BE2D50074CBBF /* Frameworks */ = {
			isa = PBXFrameworksBuildPhase;
			buildActionMask = 2147483647;
			files = (
			);
			runOnlyForDeploymentPostprocessing = 0;
		};
/* End PBXFrameworksBuildPhase section */

/* Begin PBXGroup section */
		DB7AB87E2A5BE2D50074CBBF = {
			isa = PBXGroup;
			children = (
				DB7AB8892A5BE2D50074CBBF /* AllerView */,
				DB7AB8882A5BE2D50074CBBF /* Products */,
			);
			sourceTree = "<group>";
		};
		DB7AB8882A5BE2D50074CBBF /* Products */ = {
			isa = PBXGroup;
			children = (
				DB7AB8872A5BE2D50074CBBF /* AllerView.app */,
			);
			name = Products;
			sourceTree = "<group>";
		};
		DB7AB8892A5BE2D50074CBBF /* AllerView */ = {
			isa = PBXGroup;
			children = (
				FDBBECB22A6132AF00A7EC72 /* Info.plist */,
				DB7AB88A2A5BE2D50074CBBF /* AllerViewApp.swift */,
				DB7AB88C2A5BE2D50074CBBF /* ContentView.swift */,
				FDC1BAD12A5F0C52008C7F16 /* Network.swift */,
				FD66101D2A629BB8009EF72B /* DetailView.swift */,
				FDC1BAD32A5F0C69008C7F16 /* Allergy.swift */,
				DB7AB88E2A5BE2D60074CBBF /* Assets.xcassets */,
				DB7AB8932A5BE2D60074CBBF /* Persistence.swift */,
				DB7AB8952A5BE2D60074CBBF /* AllerView.xcdatamodeld */,
				DB7AB8902A5BE2D60074CBBF /* Preview Content */,
			);
			path = AllerView;
			sourceTree = "<group>";
		};
		DB7AB8902A5BE2D60074CBBF /* Preview Content */ = {
			isa = PBXGroup;
			children = (
				DB7AB8912A5BE2D60074CBBF /* Preview Assets.xcassets */,
			);
			path = "Preview Content";
			sourceTree = "<group>";
		};
/* End PBXGroup section */

/* Begin PBXNativeTarget section */
		DB7AB8862A5BE2D50074CBBF /* AllerView */ = {
			isa = PBXNativeTarget;
			buildConfigurationList = DB7AB89A2A5BE2D60074CBBF /* Build configuration list for PBXNativeTarget "AllerView" */;
			buildPhases = (
				DB7AB8832A5BE2D50074CBBF /* Sources */,
				DB7AB8842A5BE2D50074CBBF /* Frameworks */,
				DB7AB8852A5BE2D50074CBBF /* Resources */,
			);
			buildRules = (
			);
			dependencies = (
			);
			name = AllerView;
			productName = AllerView;
			productReference = DB7AB8872A5BE2D50074CBBF /* AllerView.app */;
			productType = "com.apple.product-type.application";
		};
/* End PBXNativeTarget section */

/* Begin PBXProject section */
		DB7AB87F2A5BE2D50074CBBF /* Project object */ = {
			isa = PBXProject;
			attributes = {
				BuildIndependentTargetsInParallel = 1;
				LastSwiftUpdateCheck = 1430;
				LastUpgradeCheck = 1430;
				TargetAttributes = {
					DB7AB8862A5BE2D50074CBBF = {
						CreatedOnToolsVersion = 14.3.1;
					};
				};
			};
			buildConfigurationList = DB7AB8822A5BE2D50074CBBF /* Build configuration list for PBXProject "AllerView" */;
			compatibilityVersion = "Xcode 14.0";
			developmentRegion = en;
			hasScannedForEncodings = 0;
			knownRegions = (
				en,
				Base,
			);
			mainGroup = DB7AB87E2A5BE2D50074CBBF;
			productRefGroup = DB7AB8882A5BE2D50074CBBF /* Products */;
			projectDirPath = "";
			projectRoot = "";
			targets = (
				DB7AB8862A5BE2D50074CBBF /* AllerView */,
			);
		};
/* End PBXProject section */

/* Begin PBXResourcesBuildPhase section */
		DB7AB8852A5BE2D50074CBBF /* Resources */ = {
			isa = PBXResourcesBuildPhase;
			buildActionMask = 2147483647;
			files = (
				DB7AB8922A5BE2D60074CBBF /* Preview Assets.xcassets in Resources */,
				DB7AB88F2A5BE2D60074CBBF /* Assets.xcassets in Resources */,
			);
			runOnlyForDeploymentPostprocessing = 0;
		};
/* End PBXResourcesBuildPhase section */

/* Begin PBXSourcesBuildPhase section */
		DB7AB8832A5BE2D50074CBBF /* Sources */ = {
			isa = PBXSourcesBuildPhase;
			buildActionMask = 2147483647;
			files = (
				FDC1BAD22A5F0C52008C7F16 /* Network.swift in Sources */,
				DB7AB8942A5BE2D60074CBBF /* Persistence.swift in Sources */,
				DB7AB8972A5BE2D60074CBBF /* AllerView.xcdatamodeld in Sources */,
				FD66101E2A629BB8009EF72B /* DetailView.swift in Sources */,
				DB7AB88D2A5BE2D50074CBBF /* ContentView.swift in Sources */,
				FDC1BAD42A5F0C69008C7F16 /* Allergy.swift in Sources */,
				DB7AB88B2A5BE2D50074CBBF /* AllerViewApp.swift in Sources */,
			);
			runOnlyForDeploymentPostprocessing = 0;
		};
/* End PBXSourcesBuildPhase section */

/* Begin XCBuildConfiguration section */
		DB7AB8982A5BE2D60074CBBF /* Debug */ = {
			isa = XCBuildConfiguration;
			buildSettings = {
				ALWAYS_SEARCH_USER_PATHS = NO;
				CLANG_ANALYZER_NONNULL = YES;
				CLANG_ANALYZER_NUMBER_OBJECT_CONVERSION = YES_AGGRESSIVE;
				CLANG_CXX_LANGUAGE_STANDARD = "gnu++20";
				CLANG_ENABLE_MODULES = YES;
				CLANG_ENABLE_OBJC_ARC = YES;
				CLANG_ENABLE_OBJC_WEAK = YES;
				CLANG_WARN_BLOCK_CAPTURE_AUTORELEASING = YES;
				CLANG_WARN_BOOL_CONVERSION = YES;
				CLANG_WARN_COMMA = YES;
				CLANG_WARN_CONSTANT_CONVERSION = YES;
				CLANG_WARN_DEPRECATED_OBJC_IMPLEMENTATIONS = YES;
				CLANG_WARN_DIRECT_OBJC_ISA_USAGE = YES_ERROR;
				CLANG_WARN_DOCUMENTATION_COMMENTS = YES;
				CLANG_WARN_EMPTY_BODY = YES;
				CLANG_WARN_ENUM_CONVERSION = YES;
				CLANG_WARN_INFINITE_RECURSION = YES;
				CLANG_WARN_INT_CONVERSION = YES;
				CLANG_WARN_NON_LITERAL_NULL_CONVERSION = YES;
				CLANG_WARN_OBJC_IMPLICIT_RETAIN_SELF = YES;
				CLANG_WARN_OBJC_LITERAL_CONVERSION = YES;
				CLANG_WARN_OBJC_ROOT_CLASS = YES_ERROR;
				CLANG_WARN_QUOTED_INCLUDE_IN_FRAMEWORK_HEADER = YES;
				CLANG_WARN_RANGE_LOOP_ANALYSIS = YES;
				CLANG_WARN_STRICT_PROTOTYPES = YES;
				CLANG_WARN_SUSPICIOUS_MOVE = YES;
				CLANG_WARN_UNGUARDED_AVAILABILITY = YES_AGGRESSIVE;
				CLANG_WARN_UNREACHABLE_CODE = YES;
				CLANG_WARN__DUPLICATE_METHOD_MATCH = YES;
				COPY_PHASE_STRIP = NO;
				DEBUG_INFORMATION_FORMAT = dwarf;
				ENABLE_STRICT_OBJC_MSGSEND = YES;
				ENABLE_TESTABILITY = YES;
				GCC_C_LANGUAGE_STANDARD = gnu11;
				GCC_DYNAMIC_NO_PIC = NO;
				GCC_NO_COMMON_BLOCKS = YES;
				GCC_OPTIMIZATION_LEVEL = 0;
				GCC_PREPROCESSOR_DEFINITIONS = (
					"DEBUG=1",
					"$(inherited)",
				);
				GCC_WARN_64_TO_32_BIT_CONVERSION = YES;
				GCC_WARN_ABOUT_RETURN_TYPE = YES_ERROR;
				GCC_WARN_UNDECLARED_SELECTOR = YES;
				GCC_WARN_UNINITIALIZED_AUTOS = YES_AGGRESSIVE;
				GCC_WARN_UNUSED_FUNCTION = YES;
				GCC_WARN_UNUSED_VARIABLE = YES;
				IPHONEOS_DEPLOYMENT_TARGET = 16.4;
				MTL_ENABLE_DEBUG_INFO = INCLUDE_SOURCE;
				MTL_FAST_MATH = YES;
				ONLY_ACTIVE_ARCH = YES;
				SDKROOT = iphoneos;
				SWIFT_ACTIVE_COMPILATION_CONDITIONS = DEBUG;
				SWIFT_OPTIMIZATION_LEVEL = "-Onone";
			};
			name = Debug;
		};
		DB7AB8992A5BE2D60074CBBF /* Release */ = {
			isa = XCBuildConfiguration;
			buildSettings = {
				ALWAYS_SEARCH_USER_PATHS = NO;
				CLANG_ANALYZER_NONNULL = YES;
				CLANG_ANALYZER_NUMBER_OBJECT_CONVERSION = YES_AGGRESSIVE;
				CLANG_CXX_LANGUAGE_STANDARD = "gnu++20";
				CLANG_ENABLE_MODULES = YES;
				CLANG_ENABLE_OBJC_ARC = YES;
				CLANG_ENABLE_OBJC_WEAK = YES;
				CLANG_WARN_BLOCK_CAPTURE_AUTORELEASING = YES;
				CLANG_WARN_BOOL_CONVERSION = YES;
				CLANG_WARN_COMMA = YES;
				CLANG_WARN_CONSTANT_CONVERSION = YES;
				CLANG_WARN_DEPRECATED_OBJC_IMPLEMENTATIONS = YES;
				CLANG_WARN_DIRECT_OBJC_ISA_USAGE = YES_ERROR;
				CLANG_WARN_DOCUMENTATION_COMMENTS = YES;
				CLANG_WARN_EMPTY_BODY = YES;
				CLANG_WARN_ENUM_CONVERSION = YES;
				CLANG_WARN_INFINITE_RECURSION = YES;
				CLANG_WARN_INT_CONVERSION = YES;
				CLANG_WARN_NON_LITERAL_NULL_CONVERSION = YES;
				CLANG_WARN_OBJC_IMPLICIT_RETAIN_SELF = YES;
				CLANG_WARN_OBJC_LITERAL_CONVERSION = YES;
				CLANG_WARN_OBJC_ROOT_CLASS = YES_ERROR;
				CLANG_WARN_QUOTED_INCLUDE_IN_FRAMEWORK_HEADER = YES;
				CLANG_WARN_RANGE_LOOP_ANALYSIS = YES;
				CLANG_WARN_STRICT_PROTOTYPES = YES;
				CLANG_WARN_SUSPICIOUS_MOVE = YES;
				CLANG_WARN_UNGUARDED_AVAILABILITY = YES_AGGRESSIVE;
				CLANG_WARN_UNREACHABLE_CODE = YES;
				CLANG_WARN__DUPLICATE_METHOD_MATCH = YES;
				COPY_PHASE_STRIP = NO;
				DEBUG_INFORMATION_FORMAT = "dwarf-with-dsym";
				ENABLE_NS_ASSERTIONS = NO;
				ENABLE_STRICT_OBJC_MSGSEND = YES;
				GCC_C_LANGUAGE_STANDARD = gnu11;
				GCC_NO_COMMON_BLOCKS = YES;
				GCC_WARN_64_TO_32_BIT_CONVERSION = YES;
				GCC_WARN_ABOUT_RETURN_TYPE = YES_ERROR;
				GCC_WARN_UNDECLARED_SELECTOR = YES;
				GCC_WARN_UNINITIALIZED_AUTOS = YES_AGGRESSIVE;
				GCC_WARN_UNUSED_FUNCTION = YES;
				GCC_WARN_UNUSED_VARIABLE = YES;
				IPHONEOS_DEPLOYMENT_TARGET = 16.4;
				MTL_ENABLE_DEBUG_INFO = NO;
				MTL_FAST_MATH = YES;
				SDKROOT = iphoneos;
				SWIFT_COMPILATION_MODE = wholemodule;
				SWIFT_OPTIMIZATION_LEVEL = "-O";
				VALIDATE_PRODUCT = YES;
			};
			name = Release;
		};
		DB7AB89B2A5BE2D60074CBBF /* Debug */ = {
			isa = XCBuildConfiguration;
			buildSettings = {
				ASSETCATALOG_COMPILER_APPICON_NAME = AppIcon;
				ASSETCATALOG_COMPILER_GLOBAL_ACCENT_COLOR_NAME = AccentColor;
				CODE_SIGN_STYLE = Automatic;
				CURRENT_PROJECT_VERSION = 1;
				DEVELOPMENT_ASSET_PATHS = "\"AllerView/Preview Content\"";
				ENABLE_PREVIEWS = YES;
				GENERATE_INFOPLIST_FILE = YES;
				INFOPLIST_FILE = AllerView/Info.plist;
				INFOPLIST_KEY_UIApplicationSceneManifest_Generation = YES;
				INFOPLIST_KEY_UIApplicationSupportsIndirectInputEvents = YES;
				INFOPLIST_KEY_UILaunchScreen_Generation = YES;
				INFOPLIST_KEY_UISupportedInterfaceOrientations_iPad = "UIInterfaceOrientationPortrait UIInterfaceOrientationPortraitUpsideDown UIInterfaceOrientationLandscapeLeft UIInterfaceOrientationLandscapeRight";
				INFOPLIST_KEY_UISupportedInterfaceOrientations_iPhone = "UIInterfaceOrientationPortrait UIInterfaceOrientationLandscapeLeft UIInterfaceOrientationLandscapeRight";
				LD_RUNPATH_SEARCH_PATHS = (
					"$(inherited)",
					"@executable_path/Frameworks",
				);
				MARKETING_VERSION = 1.0;
				PRODUCT_BUNDLE_IDENTIFIER = "com.daejeon-people.AllerView";
				PRODUCT_NAME = "$(TARGET_NAME)";
				SWIFT_EMIT_LOC_STRINGS = YES;
				SWIFT_VERSION = 5.0;
				TARGETED_DEVICE_FAMILY = "1,2";
			};
			name = Debug;
		};
		DB7AB89C2A5BE2D60074CBBF /* Release */ = {
			isa = XCBuildConfiguration;
			buildSettings = {
				ASSETCATALOG_COMPILER_APPICON_NAME = AppIcon;
				ASSETCATALOG_COMPILER_GLOBAL_ACCENT_COLOR_NAME = AccentColor;
				CODE_SIGN_STYLE = Automatic;
				CURRENT_PROJECT_VERSION = 1;
				DEVELOPMENT_ASSET_PATHS = "\"AllerView/Preview Content\"";
				ENABLE_PREVIEWS = YES;
				GENERATE_INFOPLIST_FILE = YES;
				INFOPLIST_FILE = AllerView/Info.plist;
				INFOPLIST_KEY_UIApplicationSceneManifest_Generation = YES;
				INFOPLIST_KEY_UIApplicationSupportsIndirectInputEvents = YES;
				INFOPLIST_KEY_UILaunchScreen_Generation = YES;
				INFOPLIST_KEY_UISupportedInterfaceOrientations_iPad = "UIInterfaceOrientationPortrait UIInterfaceOrientationPortraitUpsideDown UIInterfaceOrientationLandscapeLeft UIInterfaceOrientationLandscapeRight";
				INFOPLIST_KEY_UISupportedInterfaceOrientations_iPhone = "UIInterfaceOrientationPortrait UIInterfaceOrientationLandscapeLeft UIInterfaceOrientationLandscapeRight";
				LD_RUNPATH_SEARCH_PATHS = (
					"$(inherited)",
					"@executable_path/Frameworks",
				);
				MARKETING_VERSION = 1.0;
				PRODUCT_BUNDLE_IDENTIFIER = "com.daejeon-people.AllerView";
				PRODUCT_NAME = "$(TARGET_NAME)";
				SWIFT_EMIT_LOC_STRINGS = YES;
				SWIFT_VERSION = 5.0;
				TARGETED_DEVICE_FAMILY = "1,2";
			};
			name = Release;
		};
/* End XCBuildConfiguration section */

/* Begin XCConfigurationList section */
		DB7AB8822A5BE2D50074CBBF /* Build configuration list for PBXProject "AllerView" */ = {
			isa = XCConfigurationList;
			buildConfigurations = (
				DB7AB8982A5BE2D60074CBBF /* Debug */,
				DB7AB8992A5BE2D60074CBBF /* Release */,
			);
			defaultConfigurationIsVisible = 0;
			defaultConfigurationName = Release;
		};
		DB7AB89A2A5BE2D60074CBBF /* Build configuration list for PBXNativeTarget "AllerView" */ = {
			isa = XCConfigurationList;
			buildConfigurations = (
				DB7AB89B2A5BE2D60074CBBF /* Debug */,
				DB7AB89C2A5BE2D60074CBBF /* Release */,
			);
			defaultConfigurationIsVisible = 0;
			defaultConfigurationName = Release;
		};
/* End XCConfigurationList section */

/* Begin XCVersionGroup section */
		DB7AB8952A5BE2D60074CBBF /* AllerView.xcdatamodeld */ = {
			isa = XCVersionGroup;
			children = (
				DB7AB8962A5BE2D60074CBBF /* AllerView.xcdatamodel */,
			);
			currentVersion = DB7AB8962A5BE2D60074CBBF /* AllerView.xcdatamodel */;
			path = AllerView.xcdatamodeld;
			sourceTree = "<group>";
			versionGroupType = wrapper.xcdatamodel;
		};
/* End XCVersionGroup section */
	};
	rootObject = DB7AB87F2A5BE2D50074CBBF /* Project object */;
}
